{
  "name": "React",
  "lockfileVersion": 3,
  "requires": true,
  "packages": {
    "": {
      "dependencies": {
        "mobx": "^6.10.2",
        "mobx-react": "^9.0.1",
        "react-router-dom": "^6.16.0"
      }
    },
    "node_modules/@remix-run/router": {
      "version": "1.9.0",
      "resolved": "https://registry.npmjs.org/@remix-run/router/-/router-1.9.0.tgz",
      "integrity": "sha512-bV63itrKBC0zdT27qYm6SDZHlkXwFL1xMBuhkn+X7l0+IIhNaH5wuuvZKp6eKhCD4KFhujhfhCT1YxXW6esUIA==",
      "engines": {
        "node": ">=14.0.0"
      }
    },
    "node_modules/mobx": {
      "version": "6.10.2",
      "resolved": "https://registry.npmjs.org/mobx/-/mobx-6.10.2.tgz",
      "integrity": "sha512-B1UGC3ieK3boCjnMEcZSwxqRDMdzX65H/8zOHbuTY8ZhvrIjTUoLRR2TP2bPqIgYRfb3+dUigu8yMZufNjn0LQ==",
      "funding": {
        "type": "opencollective",
        "url": "https://opencollective.com/mobx"
      }
    },
    "node_modules/mobx-react": {
      "version": "9.0.1",
      "resolved": "https://registry.npmjs.org/mobx-react/-/mobx-react-9.0.1.tgz",
      "integrity": "sha512-0idiElBgNMJg20YqGgHvYEnlqIJpPDQaOkxj2dHJIZeqCvUh+zBkBkMkpUFw/uEd1OdPUvT0y+AFBqsWIUAXww==",
      "dependencies": {
        "mobx-react-lite": "^4.0.4"
      },
      "funding": {
        "type": "opencollective",
        "url": "https://opencollective.com/mobx"
      },
      "peerDependencies": {
        "mobx": "^6.9.0",
        "react": "^16.8.0 || ^17 || ^18"
      },
      "peerDependenciesMeta": {
        "react-dom": {
          "optional": true
        },
        "react-native": {
          "optional": true
        }
      }
    },
    "node_modules/mobx-react-lite": {
      "version": "4.0.4",
      "resolved": "https://registry.npmjs.org/mobx-react-lite/-/mobx-react-lite-4.0.4.tgz",
      "integrity": "sha512-68uNYvQC/5Dazs3sIBv+bnpzRwcWde8y4ujHiLizhq8yeQtJ2tlNUGSh4r40gyE5M0utACIofBDsAj2hplcovQ==",
      "dependencies": {
        "use-sync-external-store": "^1.2.0"
      },
      "funding": {
        "type": "opencollective",
        "url": "https://opencollective.com/mobx"
      },
      "peerDependencies": {
        "mobx": "^6.9.0",
        "react": "^16.8.0 || ^17 || ^18"
      },
      "peerDependenciesMeta": {
        "react-dom": {
          "optional": true
        },
        "react-native": {
          "optional": true
        }
      }
    },
    "node_modules/react-router": {
      "version": "6.16.0",
      "resolved": "https://registry.npmjs.org/react-router/-/react-router-6.16.0.tgz",
      "integrity": "sha512-VT4Mmc4jj5YyjpOi5jOf0I+TYzGpvzERy4ckNSvSh2RArv8LLoCxlsZ2D+tc7zgjxcY34oTz2hZaeX5RVprKqA==",
      "dependencies": {
        "@remix-run/router": "1.9.0"
      },
      "engines": {
        "node": ">=14.0.0"
      },
      "peerDependencies": {
        "react": ">=16.8"
      }
    },
    "node_modules/react-router-dom": {
      "version": "6.16.0",
      "resolved": "https://registry.npmjs.org/react-router-dom/-/react-router-dom-6.16.0.tgz",
      "integrity": "sha512-aTfBLv3mk/gaKLxgRDUPbPw+s4Y/O+ma3rEN1u8EgEpLpPe6gNjIsWt9rxushMHHMb7mSwxRGdGlGdvmFsyPIg==",
      "dependencies": {
        "@remix-run/router": "1.9.0",
        "react-router": "6.16.0"
      },
      "engines": {
        "node": ">=14.0.0"
      },
      "peerDependencies": {
        "react": ">=16.8",
        "react-dom": ">=16.8"
      }
    },
    "node_modules/use-sync-external-store": {
      "version": "1.2.0",
      "resolved": "https://registry.npmjs.org/use-sync-external-store/-/use-sync-external-store-1.2.0.tgz",
      "integrity": "sha512-eEgnFxGQ1Ife9bzYs6VLi8/4X6CObHMw9Qr9tPY43iKwsPw8xE8+EFsf/2cFZ5S3esXgpWgtSCtLNS41F+sKPA==",
      "peerDependencies": {
        "react": "^16.8.0 || ^17.0.0 || ^18.0.0"
      }
    }
  }
}
